
Microsoft Visual Studio Solution File, Format Version 12.00
Project("{FAE04EC0-301F-11D3-BF4B-00C04F79EFBC}") = "Activity14_UserAccessCheck", "Activity14_UserAccessCheck.csproj", "{E3B82238-4839-46FA-B28B-EF8729B81A5C}"
EndProject
Global
	GlobalSection(SolutionConfigurationPlatforms) = preSolution
		Debug|Any CPU = Debug|Any CPU
		Release|Any CPU = Release|Any CPU
	EndGlobalSection
	GlobalSection(ProjectConfigurationPlatforms) = postSolution
		{E3B82238-4839-46FA-B28B-EF8729B81A5C}.Debug|Any CPU.ActiveCfg = Debug|Any CPU
		{E3B82238-4839-46FA-B28B-EF8729B81A5C}.Debug|Any CPU.Build.0 = Debug|Any CPU
		{E3B82238-4839-46FA-B28B-EF8729B81A5C}.Release|Any CPU.ActiveCfg = Release|Any CPU
		{E3B82238-4839-46FA-B28B-EF8729B81A5C}.Release|Any CPU.Build.0 = Release|Any CPU
	EndGlobalSection
EndGlobal
